// !$*UTF8*$!
{
	archiveVersion = 1;
	classes = {
	};
	objectVersion = 48;
	objects = {

/* Begin PBXBuildFile section */
		D016A2B71FE4E7C4006D8BDC /* TransportRoundedView.m in Sources */ = {isa = PBXBuildFile; fileRef = D016A2B61FE4E7C4006D8BDC /* TransportRoundedView.m */; };
		D02001311FBC0034005712AD /* CircleView.m in Sources */ = {isa = PBXBuildFile; fileRef = D020012F1FBC0033005712AD /* CircleView.m */; };
		D020D2141FAD044A00256750 /* ImpressionableButton.m in Sources */ = {isa = PBXBuildFile; fileRef = D020D20C1FAD044A00256750 /* ImpressionableButton.m */; };
		D020D2151FAD044A00256750 /* RoundedView.m in Sources */ = {isa = PBXBuildFile; fileRef = D020D2101FAD044A00256750 /* RoundedView.m */; };
		D020D2161FAD044A00256750 /* PaddedTextField.m in Sources */ = {isa = PBXBuildFile; fileRef = D020D2131FAD044A00256750 /* PaddedTextField.m */; };
		D02F3A521F97E8AB00E49A46 /* AppDelegate.m in Sources */ = {isa = PBXBuildFile; fileRef = D02F3A511F97E8AB00E49A46 /* AppDelegate.m */; };
		D02F3A551F97E8AB00E49A46 /* ViewController.m in Sources */ = {isa = PBXBuildFile; fileRef = D02F3A541F97E8AB00E49A46 /* ViewController.m */; };
		D02F3A581F97E8AB00E49A46 /* Main.storyboard in Resources */ = {isa = PBXBuildFile; fileRef = D02F3A561F97E8AB00E49A46 /* Main.storyboard */; };
		D02F3A5A1F97E8AB00E49A46 /* Assets.xcassets in Resources */ = {isa = PBXBuildFile; fileRef = D02F3A591F97E8AB00E49A46 /* Assets.xcassets */; };
		D02F3A5D1F97E8AB00E49A46 /* LaunchScreen.storyboard in Resources */ = {isa = PBXBuildFile; fileRef = D02F3A5B1F97E8AB00E49A46 /* LaunchScreen.storyboard */; };
		D02F3A601F97E8AB00E49A46 /* main.m in Sources */ = {isa = PBXBuildFile; fileRef = D02F3A5F1F97E8AB00E49A46 /* main.m */; };
		D02F3A6A1F97E8AB00E49A46 /* MobilePortailTests.m in Sources */ = {isa = PBXBuildFile; fileRef = D02F3A691F97E8AB00E49A46 /* MobilePortailTests.m */; };
		D02F3A751F97E8AB00E49A46 /* MobilePortailUITests.m in Sources */ = {isa = PBXBuildFile; fileRef = D02F3A741F97E8AB00E49A46 /* MobilePortailUITests.m */; };
		D03E435D1FA11E1000E47E5D /* UIProgressView+AFNetworking.m in Sources */ = {isa = PBXBuildFile; fileRef = D03E433B1FA11E1000E47E5D /* UIProgressView+AFNetworking.m */; };
		D03E435E1FA11E1000E47E5D /* UIRefreshControl+AFNetworking.m in Sources */ = {isa = PBXBuildFile; fileRef = D03E433D1FA11E1000E47E5D /* UIRefreshControl+AFNetworking.m */; };
		D03E435F1FA11E1000E47E5D /* AFNetworkActivityIndicatorManager.m in Sources */ = {isa = PBXBuildFile; fileRef = D03E43401FA11E1000E47E5D /* AFNetworkActivityIndicatorManager.m */; };
		D03E43601FA11E1000E47E5D /* UIImageView+AFNetworking.m in Sources */ = {isa = PBXBuildFile; fileRef = D03E43461FA11E1000E47E5D /* UIImageView+AFNetworking.m */; };
		D03E43611FA11E1000E47E5D /* UIButton+AFNetworking.m in Sources */ = {isa = PBXBuildFile; fileRef = D03E43491FA11E1000E47E5D /* UIButton+AFNetworking.m */; };
		D03E43621FA11E1000E47E5D /* UIActivityIndicatorView+AFNetworking.m in Sources */ = {isa = PBXBuildFile; fileRef = D03E434A1FA11E1000E47E5D /* UIActivityIndicatorView+AFNetworking.m */; };
		D03E43631FA11E1000E47E5D /* UIWebView+AFNetworking.m in Sources */ = {isa = PBXBuildFile; fileRef = D03E434B1FA11E1000E47E5D /* UIWebView+AFNetworking.m */; };
		D03E43641FA11E1000E47E5D /* AFAutoPurgingImageCache.m in Sources */ = {isa = PBXBuildFile; fileRef = D03E434C1FA11E1000E47E5D /* AFAutoPurgingImageCache.m */; };
		D03E43651FA11E1000E47E5D /* AFImageDownloader.m in Sources */ = {isa = PBXBuildFile; fileRef = D03E434E1FA11E1000E47E5D /* AFImageDownloader.m */; };
		D03E43661FA11E1000E47E5D /* AFURLResponseSerialization.m in Sources */ = {isa = PBXBuildFile; fileRef = D03E43541FA11E1000E47E5D /* AFURLResponseSerialization.m */; };
		D03E43671FA11E1000E47E5D /* AFHTTPSessionManager.m in Sources */ = {isa = PBXBuildFile; fileRef = D03E43551FA11E1000E47E5D /* AFHTTPSessionManager.m */; };
		D03E43681FA11E1000E47E5D /* AFURLSessionManager.m in Sources */ = {isa = PBXBuildFile; fileRef = D03E43571FA11E1000E47E5D /* AFURLSessionManager.m */; };
		D03E43691FA11E1000E47E5D /* AFURLRequestSerialization.m in Sources */ = {isa = PBXBuildFile; fileRef = D03E43581FA11E1000E47E5D /* AFURLRequestSerialization.m */; };
		D03E436A1FA11E1000E47E5D /* AFNetworkReachabilityManager.m in Sources */ = {isa = PBXBuildFile; fileRef = D03E435A1FA11E1000E47E5D /* AFNetworkReachabilityManager.m */; };
		D03E436B1FA11E1000E47E5D /* AFSecurityPolicy.m in Sources */ = {isa = PBXBuildFile; fileRef = D03E435B1FA11E1000E47E5D /* AFSecurityPolicy.m */; };
		D03E436E1FA121AD00E47E5D /* MPRequest.m in Sources */ = {isa = PBXBuildFile; fileRef = D03E436D1FA121AD00E47E5D /* MPRequest.m */; };
		D05B08D11FBD2B1E00ABFC08 /* Reachability.m in Sources */ = {isa = PBXBuildFile; fileRef = D05B08CF1FBD2B1E00ABFC08 /* Reachability.m */; };
		D05B08D41FBD39BF00ABFC08 /* ClassSummaryViewController.m in Sources */ = {isa = PBXBuildFile; fileRef = D05B08D31FBD39BF00ABFC08 /* ClassSummaryViewController.m */; };
		D05B08D61FBD44B400ABFC08 /* PDFKit.framework in Frameworks */ = {isa = PBXBuildFile; fileRef = D05B08D51FBD449B00ABFC08 /* PDFKit.framework */; };
		D067A5A11FB2083000EDC90E /* ResultsTableViewController.m in Sources */ = {isa = PBXBuildFile; fileRef = D067A5A01FB2082F00EDC90E /* ResultsTableViewController.m */; };
		D0712BC21FA7C2D7005F631F /* LoginViewController.m in Sources */ = {isa = PBXBuildFile; fileRef = D0712BC11FA7C2D7005F631F /* LoginViewController.m */; };
		D0712BC51FA7C3FA005F631F /* MainViewController.m in Sources */ = {isa = PBXBuildFile; fileRef = D0712BC41FA7C3FA005F631F /* MainViewController.m */; };
		D0712BC81FA7C50D005F631F /* Security.framework in Frameworks */ = {isa = PBXBuildFile; fileRef = D0712BC71FA7C502005F631F /* Security.framework */; };
		D0712BCE1FA7C5EA005F631F /* SAMKeychainQuery.m in Sources */ = {isa = PBXBuildFile; fileRef = D0712BCA1FA7C5EA005F631F /* SAMKeychainQuery.m */; };
		D0712BCF1FA7C5EA005F631F /* SAMKeychain.m in Sources */ = {isa = PBXBuildFile; fileRef = D0712BCD1FA7C5EA005F631F /* SAMKeychain.m */; };
		D0712BFA1FA806B6005F631F /* HTMLParser.m in Sources */ = {isa = PBXBuildFile; fileRef = D0712BD11FA806B6005F631F /* HTMLParser.m */; };
		D0712BFB1FA806B6005F631F /* HTMLTextNode.m in Sources */ = {isa = PBXBuildFile; fileRef = D0712BD21FA806B6005F631F /* HTMLTextNode.m */; };
		D0712BFC1FA806B6005F631F /* HTMLEntities.m in Sources */ = {isa = PBXBuildFile; fileRef = D0712BD31FA806B6005F631F /* HTMLEntities.m */; };
		D0712BFD1FA806B6005F631F /* HTMLTokenizer.m in Sources */ = {isa = PBXBuildFile; fileRef = D0712BEC1FA806B6005F631F /* HTMLTokenizer.m */; };
		D0712BFE1FA806B6005F631F /* HTMLComment.m in Sources */ = {isa = PBXBuildFile; fileRef = D0712BED1FA806B6005F631F /* HTMLComment.m */; };
		D0712BFF1FA806B6005F631F /* HTMLTreeEnumerator.m in Sources */ = {isa = PBXBuildFile; fileRef = D0712BEE1FA806B6005F631F /* HTMLTreeEnumerator.m */; };
		D0712C001FA806B6005F631F /* HTMLDocumentType.m in Sources */ = {isa = PBXBuildFile; fileRef = D0712BEF1FA806B6005F631F /* HTMLDocumentType.m */; };
		D0712C011FA806B6005F631F /* HTMLDocument.m in Sources */ = {isa = PBXBuildFile; fileRef = D0712BF01FA806B6005F631F /* HTMLDocument.m */; };
		D0712C021FA806B6005F631F /* HTMLSerialization.m in Sources */ = {isa = PBXBuildFile; fileRef = D0712BF11FA806B6005F631F /* HTMLSerialization.m */; };
		D0712C031FA806B6005F631F /* NSString+HTMLEntities.m in Sources */ = {isa = PBXBuildFile; fileRef = D0712BF21FA806B6005F631F /* NSString+HTMLEntities.m */; };
		D0712C041FA806B6005F631F /* HTMLEncoding.m in Sources */ = {isa = PBXBuildFile; fileRef = D0712BF31FA806B6005F631F /* HTMLEncoding.m */; };
		D0712C051FA806B6005F631F /* HTMLElement.m in Sources */ = {isa = PBXBuildFile; fileRef = D0712BF41FA806B6005F631F /* HTMLElement.m */; };
		D0712C061FA806B6005F631F /* HTMLString.m in Sources */ = {isa = PBXBuildFile; fileRef = D0712BF51FA806B6005F631F /* HTMLString.m */; };
		D0712C071FA806B6005F631F /* HTMLSelector.m in Sources */ = {isa = PBXBuildFile; fileRef = D0712BF61FA806B6005F631F /* HTMLSelector.m */; };
		D0712C081FA806B6005F631F /* HTMLPreprocessedInputStream.m in Sources */ = {isa = PBXBuildFile; fileRef = D0712BF71FA806B6005F631F /* HTMLPreprocessedInputStream.m */; };
		D0712C091FA806B6005F631F /* HTMLOrderedDictionary.m in Sources */ = {isa = PBXBuildFile; fileRef = D0712BF81FA806B6005F631F /* HTMLOrderedDictionary.m */; };
		D0712C0A1FA806B6005F631F /* HTMLNode.m in Sources */ = {isa = PBXBuildFile; fileRef = D0712BF91FA806B6005F631F /* HTMLNode.m */; };
		D0712C0F1FA90961005F631F /* MPStringFromHTML.m in Sources */ = {isa = PBXBuildFile; fileRef = D0712C0E1FA90961005F631F /* MPStringFromHTML.m */; };
		D08006E11FEB85430022D246 /* BlackSFSafariViewController.m in Sources */ = {isa = PBXBuildFile; fileRef = D08006E01FEB85430022D246 /* BlackSFSafariViewController.m */; };
		D089FEF71FAEB32A00184BD9 /* BeautifulTableViewCell.m in Sources */ = {isa = PBXBuildFile; fileRef = D089FEF61FAEB32A00184BD9 /* BeautifulTableViewCell.m */; };
		D089FEF91FAEBE7D00184BD9 /* cscmonavenir_logo.png in Resources */ = {isa = PBXBuildFile; fileRef = D089FEF81FAEBE7D00184BD9 /* cscmonavenir_logo.png */; };
		D0A9F47B1FC4F1A800A44B5D /* templogo.png in Resources */ = {isa = PBXBuildFile; fileRef = D0A9F47A1FC4F1A800A44B5D /* templogo.png */; };
/* End PBXBuildFile section */

/* Begin PBXContainerItemProxy section */
		D02F3A661F97E8AB00E49A46 /* PBXContainerItemProxy */ = {
			isa = PBXContainerItemProxy;
			containerPortal = D02F3A451F97E8AB00E49A46 /* Project object */;
			proxyType = 1;
			remoteGlobalIDString = D02F3A4C1F97E8AB00E49A46;
			remoteInfo = MobilePortail;
		};
		D02F3A711F97E8AB00E49A46 /* PBXContainerItemProxy */ = {
			isa = PBXContainerItemProxy;
			containerPortal = D02F3A451F97E8AB00E49A46 /* Project object */;
			proxyType = 1;
			remoteGlobalIDString = D02F3A4C1F97E8AB00E49A46;
			remoteInfo = MobilePortail;
		};
/* End PBXContainerItemProxy section */

/* Begin PBXFileReference section */
		D016A2B51FE4E7C4006D8BDC /* TransportRoundedView.h */ = {isa = PBXFileReference; lastKnownFileType = sourcecode.c.h; path = TransportRoundedView.h; sourceTree = "<group>"; };
		D016A2B61FE4E7C4006D8BDC /* TransportRoundedView.m */ = {isa = PBXFileReference; lastKnownFileType = sourcecode.c.objc; path = TransportRoundedView.m; sourceTree = "<group>"; };
		D020012F1FBC0033005712AD /* CircleView.m */ = {isa = PBXFileReference; fileEncoding = 4; lastKnownFileType = sourcecode.c.objc; path = CircleView.m; sourceTree = "<group>"; };
		D02001301FBC0034005712AD /* CircleView.h */ = {isa = PBXFileReference; fileEncoding = 4; lastKnownFileType = sourcecode.c.h; path = CircleView.h; sourceTree = "<group>"; };
		D020D20C1FAD044A00256750 /* ImpressionableButton.m */ = {isa = PBXFileReference; fileEncoding = 4; lastKnownFileType = sourcecode.c.objc; path = ImpressionableButton.m; sourceTree = "<group>"; };
		D020D20D1FAD044A00256750 /* ImpressionableButton.h */ = {isa = PBXFileReference; fileEncoding = 4; lastKnownFileType = sourcecode.c.h; path = ImpressionableButton.h; sourceTree = "<group>"; };
		D020D20F1FAD044A00256750 /* RoundedView.h */ = {isa = PBXFileReference; fileEncoding = 4; lastKnownFileType = sourcecode.c.h; path = RoundedView.h; sourceTree = "<group>"; };
		D020D2101FAD044A00256750 /* RoundedView.m */ = {isa = PBXFileReference; fileEncoding = 4; lastKnownFileType = sourcecode.c.objc; path = RoundedView.m; sourceTree = "<group>"; };
		D020D2121FAD044A00256750 /* PaddedTextField.h */ = {isa = PBXFileReference; fileEncoding = 4; lastKnownFileType = sourcecode.c.h; path = PaddedTextField.h; sourceTree = "<group>"; };
		D020D2131FAD044A00256750 /* PaddedTextField.m */ = {isa = PBXFileReference; fileEncoding = 4; lastKnownFileType = sourcecode.c.objc; path = PaddedTextField.m; sourceTree = "<group>"; };
		D02F3A4D1F97E8AB00E49A46 /* MobilePortail.app */ = {isa = PBXFileReference; explicitFileType = wrapper.application; includeInIndex = 0; path = MobilePortail.app; sourceTree = BUILT_PRODUCTS_DIR; };
		D02F3A501F97E8AB00E49A46 /* AppDelegate.h */ = {isa = PBXFileReference; lastKnownFileType = sourcecode.c.h; path = AppDelegate.h; sourceTree = "<group>"; };
		D02F3A511F97E8AB00E49A46 /* AppDelegate.m */ = {isa = PBXFileReference; lastKnownFileType = sourcecode.c.objc; path = AppDelegate.m; sourceTree = "<group>"; };
		D02F3A531F97E8AB00E49A46 /* ViewController.h */ = {isa = PBXFileReference; lastKnownFileType = sourcecode.c.h; path = ViewController.h; sourceTree = "<group>"; };
		D02F3A541F97E8AB00E49A46 /* ViewController.m */ = {isa = PBXFileReference; lastKnownFileType = sourcecode.c.objc; path = ViewController.m; sourceTree = "<group>"; };
		D02F3A571F97E8AB00E49A46 /* Base */ = {isa = PBXFileReference; lastKnownFileType = file.storyboard; name = Base; path = Base.lproj/Main.storyboard; sourceTree = "<group>"; };
		D02F3A591F97E8AB00E49A46 /* Assets.xcassets */ = {isa = PBXFileReference; lastKnownFileType = folder.assetcatalog; path = Assets.xcassets; sourceTree = "<group>"; };
		D02F3A5C1F97E8AB00E49A46 /* Base */ = {isa = PBXFileReference; lastKnownFileType = file.storyboard; name = Base; path = Base.lproj/LaunchScreen.storyboard; sourceTree = "<group>"; };
		D02F3A5E1F97E8AB00E49A46 /* Info.plist */ = {isa = PBXFileReference; lastKnownFileType = text.plist.xml; path = Info.plist; sourceTree = "<group>"; };
		D02F3A5F1F97E8AB00E49A46 /* main.m */ = {isa = PBXFileReference; lastKnownFileType = sourcecode.c.objc; path = main.m; sourceTree = "<group>"; };
		D02F3A651F97E8AB00E49A46 /* MobilePortailTests.xctest */ = {isa = PBXFileReference; explicitFileType = wrapper.cfbundle; includeInIndex = 0; path = MobilePortailTests.xctest; sourceTree = BUILT_PRODUCTS_DIR; };
		D02F3A691F97E8AB00E49A46 /* MobilePortailTests.m */ = {isa = PBXFileReference; lastKnownFileType = sourcecode.c.objc; path = MobilePortailTests.m; sourceTree = "<group>"; };
		D02F3A6B1F97E8AB00E49A46 /* Info.plist */ = {isa = PBXFileReference; lastKnownFileType = text.plist.xml; path = Info.plist; sourceTree = "<group>"; };
		D02F3A701F97E8AB00E49A46 /* MobilePortailUITests.xctest */ = {isa = PBXFileReference; explicitFileType = wrapper.cfbundle; includeInIndex = 0; path = MobilePortailUITests.xctest; sourceTree = BUILT_PRODUCTS_DIR; };
		D02F3A741F97E8AB00E49A46 /* MobilePortailUITests.m */ = {isa = PBXFileReference; lastKnownFileType = sourcecode.c.objc; path = MobilePortailUITests.m; sourceTree = "<group>"; };
		D02F3A761F97E8AB00E49A46 /* Info.plist */ = {isa = PBXFileReference; lastKnownFileType = text.plist.xml; path = Info.plist; sourceTree = "<group>"; };
		D03E433B1FA11E1000E47E5D /* UIProgressView+AFNetworking.m */ = {isa = PBXFileReference; fileEncoding = 4; lastKnownFileType = sourcecode.c.objc; path = "UIProgressView+AFNetworking.m"; sourceTree = "<group>"; };
		D03E433C1FA11E1000E47E5D /* UIButton+AFNetworking.h */ = {isa = PBXFileReference; fileEncoding = 4; lastKnownFileType = sourcecode.c.h; path = "UIButton+AFNetworking.h"; sourceTree = "<group>"; };
		D03E433D1FA11E1000E47E5D /* UIRefreshControl+AFNetworking.m */ = {isa = PBXFileReference; fileEncoding = 4; lastKnownFileType = sourcecode.c.objc; path = "UIRefreshControl+AFNetworking.m"; sourceTree = "<group>"; };
		D03E433E1FA11E1000E47E5D /* UIImageView+AFNetworking.h */ = {isa = PBXFileReference; fileEncoding = 4; lastKnownFileType = sourcecode.c.h; path = "UIImageView+AFNetworking.h"; sourceTree = "<group>"; };
		D03E433F1FA11E1000E47E5D /* AFImageDownloader.h */ = {isa = PBXFileReference; fileEncoding = 4; lastKnownFileType = sourcecode.c.h; path = AFImageDownloader.h; sourceTree = "<group>"; };
		D03E43401FA11E1000E47E5D /* AFNetworkActivityIndicatorManager.m */ = {isa = PBXFileReference; fileEncoding = 4; lastKnownFileType = sourcecode.c.objc; path = AFNetworkActivityIndicatorManager.m; sourceTree = "<group>"; };
		D03E43411FA11E1000E47E5D /* AFAutoPurgingImageCache.h */ = {isa = PBXFileReference; fileEncoding = 4; lastKnownFileType = sourcecode.c.h; path = AFAutoPurgingImageCache.h; sourceTree = "<group>"; };
		D03E43421FA11E1000E47E5D /* UIWebView+AFNetworking.h */ = {isa = PBXFileReference; fileEncoding = 4; lastKnownFileType = sourcecode.c.h; path = "UIWebView+AFNetworking.h"; sourceTree = "<group>"; };
		D03E43431FA11E1000E47E5D /* UIActivityIndicatorView+AFNetworking.h */ = {isa = PBXFileReference; fileEncoding = 4; lastKnownFileType = sourcecode.c.h; path = "UIActivityIndicatorView+AFNetworking.h"; sourceTree = "<group>"; };
		D03E43441FA11E1000E47E5D /* UIImage+AFNetworking.h */ = {isa = PBXFileReference; fileEncoding = 4; lastKnownFileType = sourcecode.c.h; path = "UIImage+AFNetworking.h"; sourceTree = "<group>"; };
		D03E43451FA11E1000E47E5D /* UIProgressView+AFNetworking.h */ = {isa = PBXFileReference; fileEncoding = 4; lastKnownFileType = sourcecode.c.h; path = "UIProgressView+AFNetworking.h"; sourceTree = "<group>"; };
		D03E43461FA11E1000E47E5D /* UIImageView+AFNetworking.m */ = {isa = PBXFileReference; fileEncoding = 4; lastKnownFileType = sourcecode.c.objc; path = "UIImageView+AFNetworking.m"; sourceTree = "<group>"; };
		D03E43471FA11E1000E47E5D /* UIKit+AFNetworking.h */ = {isa = PBXFileReference; fileEncoding = 4; lastKnownFileType = sourcecode.c.h; path = "UIKit+AFNetworking.h"; sourceTree = "<group>"; };
		D03E43481FA11E1000E47E5D /* UIRefreshControl+AFNetworking.h */ = {isa = PBXFileReference; fileEncoding = 4; lastKnownFileType = sourcecode.c.h; path = "UIRefreshControl+AFNetworking.h"; sourceTree = "<group>"; };
		D03E43491FA11E1000E47E5D /* UIButton+AFNetworking.m */ = {isa = PBXFileReference; fileEncoding = 4; lastKnownFileType = sourcecode.c.objc; path = "UIButton+AFNetworking.m"; sourceTree = "<group>"; };
		D03E434A1FA11E1000E47E5D /* UIActivityIndicatorView+AFNetworking.m */ = {isa = PBXFileReference; fileEncoding = 4; lastKnownFileType = sourcecode.c.objc; path = "UIActivityIndicatorView+AFNetworking.m"; sourceTree = "<group>"; };
		D03E434B1FA11E1000E47E5D /* UIWebView+AFNetworking.m */ = {isa = PBXFileReference; fileEncoding = 4; lastKnownFileType = sourcecode.c.objc; path = "UIWebView+AFNetworking.m"; sourceTree = "<group>"; };
		D03E434C1FA11E1000E47E5D /* AFAutoPurgingImageCache.m */ = {isa = PBXFileReference; fileEncoding = 4; lastKnownFileType = sourcecode.c.objc; path = AFAutoPurgingImageCache.m; sourceTree = "<group>"; };
		D03E434D1FA11E1000E47E5D /* AFNetworkActivityIndicatorManager.h */ = {isa = PBXFileReference; fileEncoding = 4; lastKnownFileType = sourcecode.c.h; path = AFNetworkActivityIndicatorManager.h; sourceTree = "<group>"; };
		D03E434E1FA11E1000E47E5D /* AFImageDownloader.m */ = {isa = PBXFileReference; fileEncoding = 4; lastKnownFileType = sourcecode.c.objc; path = AFImageDownloader.m; sourceTree = "<group>"; };
		D03E43501FA11E1000E47E5D /* AFSecurityPolicy.h */ = {isa = PBXFileReference; fileEncoding = 4; lastKnownFileType = sourcecode.c.h; path = AFSecurityPolicy.h; sourceTree = "<group>"; };
		D03E43511FA11E1000E47E5D /* AFNetworkReachabilityManager.h */ = {isa = PBXFileReference; fileEncoding = 4; lastKnownFileType = sourcecode.c.h; path = AFNetworkReachabilityManager.h; sourceTree = "<group>"; };
		D03E43521FA11E1000E47E5D /* AFURLSessionManager.h */ = {isa = PBXFileReference; fileEncoding = 4; lastKnownFileType = sourcecode.c.h; path = AFURLSessionManager.h; sourceTree = "<group>"; };
		D03E43531FA11E1000E47E5D /* AFURLRequestSerialization.h */ = {isa = PBXFileReference; fileEncoding = 4; lastKnownFileType = sourcecode.c.h; path = AFURLRequestSerialization.h; sourceTree = "<group>"; };
		D03E43541FA11E1000E47E5D /* AFURLResponseSerialization.m */ = {isa = PBXFileReference; fileEncoding = 4; lastKnownFileType = sourcecode.c.objc; path = AFURLResponseSerialization.m; sourceTree = "<group>"; };
		D03E43551FA11E1000E47E5D /* AFHTTPSessionManager.m */ = {isa = PBXFileReference; fileEncoding = 4; lastKnownFileType = sourcecode.c.objc; path = AFHTTPSessionManager.m; sourceTree = "<group>"; };
		D03E43561FA11E1000E47E5D /* AFURLResponseSerialization.h */ = {isa = PBXFileReference; fileEncoding = 4; lastKnownFileType = sourcecode.c.h; path = AFURLResponseSerialization.h; sourceTree = "<group>"; };
		D03E43571FA11E1000E47E5D /* AFURLSessionManager.m */ = {isa = PBXFileReference; fileEncoding = 4; lastKnownFileType = sourcecode.c.objc; path = AFURLSessionManager.m; sourceTree = "<group>"; };
		D03E43581FA11E1000E47E5D /* AFURLRequestSerialization.m */ = {isa = PBXFileReference; fileEncoding = 4; lastKnownFileType = sourcecode.c.objc; path = AFURLRequestSerialization.m; sourceTree = "<group>"; };
		D03E43591FA11E1000E47E5D /* AFNetworking.h */ = {isa = PBXFileReference; fileEncoding = 4; lastKnownFileType = sourcecode.c.h; path = AFNetworking.h; sourceTree = "<group>"; };
		D03E435A1FA11E1000E47E5D /* AFNetworkReachabilityManager.m */ = {isa = PBXFileReference; fileEncoding = 4; lastKnownFileType = sourcecode.c.objc; path = AFNetworkReachabilityManager.m; sourceTree = "<group>"; };
		D03E435B1FA11E1000E47E5D /* AFSecurityPolicy.m */ = {isa = PBXFileReference; fileEncoding = 4; lastKnownFileType = sourcecode.c.objc; path = AFSecurityPolicy.m; sourceTree = "<group>"; };
		D03E435C1FA11E1000E47E5D /* AFHTTPSessionManager.h */ = {isa = PBXFileReference; fileEncoding = 4; lastKnownFileType = sourcecode.c.h; path = AFHTTPSessionManager.h; sourceTree = "<group>"; };
		D03E436C1FA121AD00E47E5D /* MPRequest.h */ = {isa = PBXFileReference; lastKnownFileType = sourcecode.c.h; path = MPRequest.h; sourceTree = "<group>"; };
		D03E436D1FA121AD00E47E5D /* MPRequest.m */ = {isa = PBXFileReference; lastKnownFileType = sourcecode.c.objc; path = MPRequest.m; sourceTree = "<group>"; };
		D05B08CF1FBD2B1E00ABFC08 /* Reachability.m */ = {isa = PBXFileReference; fileEncoding = 4; lastKnownFileType = sourcecode.c.objc; path = Reachability.m; sourceTree = "<group>"; };
		D05B08D01FBD2B1E00ABFC08 /* Reachability.h */ = {isa = PBXFileReference; fileEncoding = 4; lastKnownFileType = sourcecode.c.h; path = Reachability.h; sourceTree = "<group>"; };
		D05B08D21FBD39BF00ABFC08 /* ClassSummaryViewController.h */ = {isa = PBXFileReference; lastKnownFileType = sourcecode.c.h; path = ClassSummaryViewController.h; sourceTree = "<group>"; };
		D05B08D31FBD39BF00ABFC08 /* ClassSummaryViewController.m */ = {isa = PBXFileReference; lastKnownFileType = sourcecode.c.objc; path = ClassSummaryViewController.m; sourceTree = "<group>"; };
		D05B08D51FBD449B00ABFC08 /* PDFKit.framework */ = {isa = PBXFileReference; lastKnownFileType = wrapper.framework; name = PDFKit.framework; path = System/Library/Frameworks/PDFKit.framework; sourceTree = SDKROOT; };
		D067A59F1FB2082F00EDC90E /* ResultsTableViewController.h */ = {isa = PBXFileReference; lastKnownFileType = sourcecode.c.h; path = ResultsTableViewController.h; sourceTree = "<group>"; };
		D067A5A01FB2082F00EDC90E /* ResultsTableViewController.m */ = {isa = PBXFileReference; lastKnownFileType = sourcecode.c.objc; path = ResultsTableViewController.m; sourceTree = "<group>"; };
		D0712BC01FA7C2D7005F631F /* LoginViewController.h */ = {isa = PBXFileReference; lastKnownFileType = sourcecode.c.h; path = LoginViewController.h; sourceTree = "<group>"; };
		D0712BC11FA7C2D7005F631F /* LoginViewController.m */ = {isa = PBXFileReference; lastKnownFileType = sourcecode.c.objc; path = LoginViewController.m; sourceTree = "<group>"; };
		D0712BC31FA7C3FA005F631F /* MainViewController.h */ = {isa = PBXFileReference; lastKnownFileType = sourcecode.c.h; path = MainViewController.h; sourceTree = "<group>"; };
		D0712BC41FA7C3FA005F631F /* MainViewController.m */ = {isa = PBXFileReference; lastKnownFileType = sourcecode.c.objc; path = MainViewController.m; sourceTree = "<group>"; };
		D0712BC71FA7C502005F631F /* Security.framework */ = {isa = PBXFileReference; lastKnownFileType = wrapper.framework; name = Security.framework; path = System/Library/Frameworks/Security.framework; sourceTree = SDKROOT; };
		D0712BCA1FA7C5EA005F631F /* SAMKeychainQuery.m */ = {isa = PBXFileReference; fileEncoding = 4; lastKnownFileType = sourcecode.c.objc; path = SAMKeychainQuery.m; sourceTree = "<group>"; };
		D0712BCB1FA7C5EA005F631F /* SAMKeychain.h */ = {isa = PBXFileReference; fileEncoding = 4; lastKnownFileType = sourcecode.c.h; path = SAMKeychain.h; sourceTree = "<group>"; };
		D0712BCC1FA7C5EA005F631F /* SAMKeychainQuery.h */ = {isa = PBXFileReference; fileEncoding = 4; lastKnownFileType = sourcecode.c.h; path = SAMKeychainQuery.h; sourceTree = "<group>"; };
		D0712BCD1FA7C5EA005F631F /* SAMKeychain.m */ = {isa = PBXFileReference; fileEncoding = 4; lastKnownFileType = sourcecode.c.objc; path = SAMKeychain.m; sourceTree = "<group>"; };
		D0712BD11FA806B6005F631F /* HTMLParser.m */ = {isa = PBXFileReference; fileEncoding = 4; lastKnownFileType = sourcecode.c.objc; path = HTMLParser.m; sourceTree = "<group>"; };
		D0712BD21FA806B6005F631F /* HTMLTextNode.m */ = {isa = PBXFileReference; fileEncoding = 4; lastKnownFileType = sourcecode.c.objc; path = HTMLTextNode.m; sourceTree = "<group>"; };
		D0712BD31FA806B6005F631F /* HTMLEntities.m */ = {isa = PBXFileReference; fileEncoding = 4; lastKnownFileType = sourcecode.c.objc; path = HTMLEntities.m; sourceTree = "<group>"; };
		D0712BD51FA806B6005F631F /* NSString+HTMLEntities.h */ = {isa = PBXFileReference; fileEncoding = 4; lastKnownFileType = sourcecode.c.h; path = "NSString+HTMLEntities.h"; sourceTree = "<group>"; };
		D0712BD61FA806B6005F631F /* HTMLSerialization.h */ = {isa = PBXFileReference; fileEncoding = 4; lastKnownFileType = sourcecode.c.h; path = HTMLSerialization.h; sourceTree = "<group>"; };
		D0712BD71FA806B6005F631F /* HTMLString.h */ = {isa = PBXFileReference; fileEncoding = 4; lastKnownFileType = sourcecode.c.h; path = HTMLString.h; sourceTree = "<group>"; };
		D0712BD81FA806B6005F631F /* HTMLQuirksMode.h */ = {isa = PBXFileReference; fileEncoding = 4; lastKnownFileType = sourcecode.c.h; path = HTMLQuirksMode.h; sourceTree = "<group>"; };
		D0712BD91FA806B6005F631F /* HTMLElement.h */ = {isa = PBXFileReference; fileEncoding = 4; lastKnownFileType = sourcecode.c.h; path = HTMLElement.h; sourceTree = "<group>"; };
		D0712BDA1FA806B6005F631F /* HTMLEncoding.h */ = {isa = PBXFileReference; fileEncoding = 4; lastKnownFileType = sourcecode.c.h; path = HTMLEncoding.h; sourceTree = "<group>"; };
		D0712BDB1FA806B6005F631F /* HTMLTokenizerState.h */ = {isa = PBXFileReference; fileEncoding = 4; lastKnownFileType = sourcecode.c.h; path = HTMLTokenizerState.h; sourceTree = "<group>"; };
		D0712BDC1FA806B6005F631F /* HTMLSupport.h */ = {isa = PBXFileReference; fileEncoding = 4; lastKnownFileType = sourcecode.c.h; path = HTMLSupport.h; sourceTree = "<group>"; };
		D0712BDD1FA806B6005F631F /* HTMLOrderedDictionary.h */ = {isa = PBXFileReference; fileEncoding = 4; lastKnownFileType = sourcecode.c.h; path = HTMLOrderedDictionary.h; sourceTree = "<group>"; };
		D0712BDE1FA806B6005F631F /* HTMLPreprocessedInputStream.h */ = {isa = PBXFileReference; fileEncoding = 4; lastKnownFileType = sourcecode.c.h; path = HTMLPreprocessedInputStream.h; sourceTree = "<group>"; };
		D0712BDF1FA806B6005F631F /* HTMLSelector.h */ = {isa = PBXFileReference; fileEncoding = 4; lastKnownFileType = sourcecode.c.h; path = HTMLSelector.h; sourceTree = "<group>"; };
		D0712BE01FA806B6005F631F /* HTMLNode.h */ = {isa = PBXFileReference; fileEncoding = 4; lastKnownFileType = sourcecode.c.h; path = HTMLNode.h; sourceTree = "<group>"; };
		D0712BE11FA806B6005F631F /* HTMLParser.h */ = {isa = PBXFileReference; fileEncoding = 4; lastKnownFileType = sourcecode.c.h; path = HTMLParser.h; sourceTree = "<group>"; };
		D0712BE21FA806B6005F631F /* HTMLTextNode.h */ = {isa = PBXFileReference; fileEncoding = 4; lastKnownFileType = sourcecode.c.h; path = HTMLTextNode.h; sourceTree = "<group>"; };
		D0712BE31FA806B6005F631F /* HTMLReader.h */ = {isa = PBXFileReference; fileEncoding = 4; lastKnownFileType = sourcecode.c.h; path = HTMLReader.h; sourceTree = "<group>"; };
		D0712BE41FA806B6005F631F /* HTMLTokenizer.h */ = {isa = PBXFileReference; fileEncoding = 4; lastKnownFileType = sourcecode.c.h; path = HTMLTokenizer.h; sourceTree = "<group>"; };
		D0712BE51FA806B6005F631F /* HTMLNamespace.h */ = {isa = PBXFileReference; fileEncoding = 4; lastKnownFileType = sourcecode.c.h; path = HTMLNamespace.h; sourceTree = "<group>"; };
		D0712BE61FA806B6005F631F /* HTMLEntities.h */ = {isa = PBXFileReference; fileEncoding = 4; lastKnownFileType = sourcecode.c.h; path = HTMLEntities.h; sourceTree = "<group>"; };
		D0712BE71FA806B6005F631F /* HTMLDocument.h */ = {isa = PBXFileReference; fileEncoding = 4; lastKnownFileType = sourcecode.c.h; path = HTMLDocument.h; sourceTree = "<group>"; };
		D0712BE81FA806B6005F631F /* HTMLDocumentType.h */ = {isa = PBXFileReference; fileEncoding = 4; lastKnownFileType = sourcecode.c.h; path = HTMLDocumentType.h; sourceTree = "<group>"; };
		D0712BE91FA806B6005F631F /* HTMLDocument+Private.h */ = {isa = PBXFileReference; fileEncoding = 4; lastKnownFileType = sourcecode.c.h; path = "HTMLDocument+Private.h"; sourceTree = "<group>"; };
		D0712BEA1FA806B6005F631F /* HTMLTreeEnumerator.h */ = {isa = PBXFileReference; fileEncoding = 4; lastKnownFileType = sourcecode.c.h; path = HTMLTreeEnumerator.h; sourceTree = "<group>"; };
		D0712BEB1FA806B6005F631F /* HTMLComment.h */ = {isa = PBXFileReference; fileEncoding = 4; lastKnownFileType = sourcecode.c.h; path = HTMLComment.h; sourceTree = "<group>"; };
		D0712BEC1FA806B6005F631F /* HTMLTokenizer.m */ = {isa = PBXFileReference; fileEncoding = 4; lastKnownFileType = sourcecode.c.objc; path = HTMLTokenizer.m; sourceTree = "<group>"; };
		D0712BED1FA806B6005F631F /* HTMLComment.m */ = {isa = PBXFileReference; fileEncoding = 4; lastKnownFileType = sourcecode.c.objc; path = HTMLComment.m; sourceTree = "<group>"; };
		D0712BEE1FA806B6005F631F /* HTMLTreeEnumerator.m */ = {isa = PBXFileReference; fileEncoding = 4; lastKnownFileType = sourcecode.c.objc; path = HTMLTreeEnumerator.m; sourceTree = "<group>"; };
		D0712BEF1FA806B6005F631F /* HTMLDocumentType.m */ = {isa = PBXFileReference; fileEncoding = 4; lastKnownFileType = sourcecode.c.objc; path = HTMLDocumentType.m; sourceTree = "<group>"; };
		D0712BF01FA806B6005F631F /* HTMLDocument.m */ = {isa = PBXFileReference; fileEncoding = 4; lastKnownFileType = sourcecode.c.objc; path = HTMLDocument.m; sourceTree = "<group>"; };
		D0712BF11FA806B6005F631F /* HTMLSerialization.m */ = {isa = PBXFileReference; fileEncoding = 4; lastKnownFileType = sourcecode.c.objc; path = HTMLSerialization.m; sourceTree = "<group>"; };
		D0712BF21FA806B6005F631F /* NSString+HTMLEntities.m */ = {isa = PBXFileReference; fileEncoding = 4; lastKnownFileType = sourcecode.c.objc; path = "NSString+HTMLEntities.m"; sourceTree = "<group>"; };
		D0712BF31FA806B6005F631F /* HTMLEncoding.m */ = {isa = PBXFileReference; fileEncoding = 4; lastKnownFileType = sourcecode.c.objc; path = HTMLEncoding.m; sourceTree = "<group>"; };
		D0712BF41FA806B6005F631F /* HTMLElement.m */ = {isa = PBXFileReference; fileEncoding = 4; lastKnownFileType = sourcecode.c.objc; path = HTMLElement.m; sourceTree = "<group>"; };
		D0712BF51FA806B6005F631F /* HTMLString.m */ = {isa = PBXFileReference; fileEncoding = 4; lastKnownFileType = sourcecode.c.objc; path = HTMLString.m; sourceTree = "<group>"; };
		D0712BF61FA806B6005F631F /* HTMLSelector.m */ = {isa = PBXFileReference; fileEncoding = 4; lastKnownFileType = sourcecode.c.objc; path = HTMLSelector.m; sourceTree = "<group>"; };
		D0712BF71FA806B6005F631F /* HTMLPreprocessedInputStream.m */ = {isa = PBXFileReference; fileEncoding = 4; lastKnownFileType = sourcecode.c.objc; path = HTMLPreprocessedInputStream.m; sourceTree = "<group>"; };
		D0712BF81FA806B6005F631F /* HTMLOrderedDictionary.m */ = {isa = PBXFileReference; fileEncoding = 4; lastKnownFileType = sourcecode.c.objc; path = HTMLOrderedDictionary.m; sourceTree = "<group>"; };
		D0712BF91FA806B6005F631F /* HTMLNode.m */ = {isa = PBXFileReference; fileEncoding = 4; lastKnownFileType = sourcecode.c.objc; path = HTMLNode.m; sourceTree = "<group>"; };
		D0712C0B1FA83F42005F631F /* MobilePortail.entitlements */ = {isa = PBXFileReference; lastKnownFileType = text.plist.entitlements; path = MobilePortail.entitlements; sourceTree = "<group>"; };
		D0712C0D1FA90961005F631F /* MPStringFromHTML.h */ = {isa = PBXFileReference; lastKnownFileType = sourcecode.c.h; path = MPStringFromHTML.h; sourceTree = "<group>"; };
		D0712C0E1FA90961005F631F /* MPStringFromHTML.m */ = {isa = PBXFileReference; lastKnownFileType = sourcecode.c.objc; path = MPStringFromHTML.m; sourceTree = "<group>"; };
		D08006DF1FEB85430022D246 /* BlackSFSafariViewController.h */ = {isa = PBXFileReference; lastKnownFileType = sourcecode.c.h; path = BlackSFSafariViewController.h; sourceTree = "<group>"; };
		D08006E01FEB85430022D246 /* BlackSFSafariViewController.m */ = {isa = PBXFileReference; lastKnownFileType = sourcecode.c.objc; path = BlackSFSafariViewController.m; sourceTree = "<group>"; };
		D089FEF51FAEB32A00184BD9 /* BeautifulTableViewCell.h */ = {isa = PBXFileReference; fileEncoding = 4; lastKnownFileType = sourcecode.c.h; path = BeautifulTableViewCell.h; sourceTree = "<group>"; };
		D089FEF61FAEB32A00184BD9 /* BeautifulTableViewCell.m */ = {isa = PBXFileReference; fileEncoding = 4; lastKnownFileType = sourcecode.c.objc; path = BeautifulTableViewCell.m; sourceTree = "<group>"; };
		D089FEF81FAEBE7D00184BD9 /* cscmonavenir_logo.png */ = {isa = PBXFileReference; lastKnownFileType = image.png; path = cscmonavenir_logo.png; sourceTree = "<group>"; };
		D0A9F47A1FC4F1A800A44B5D /* templogo.png */ = {isa = PBXFileReference; lastKnownFileType = image.png; name = templogo.png; path = ../../../Icons/templogo.png; sourceTree = "<group>"; };
/* End PBXFileReference section */

/* Begin PBXFrameworksBuildPhase section */
		D02F3A4A1F97E8AB00E49A46 /* Frameworks */ = {
			isa = PBXFrameworksBuildPhase;
			buildActionMask = 2147483647;
			files = (
				D05B08D61FBD44B400ABFC08 /* PDFKit.framework in Frameworks */,
				D0712BC81FA7C50D005F631F /* Security.framework in Frameworks */,
			);
			runOnlyForDeploymentPostprocessing = 0;
		};
		D02F3A621F97E8AB00E49A46 /* Frameworks */ = {
			isa = PBXFrameworksBuildPhase;
			buildActionMask = 2147483647;
			files = (
			);
			runOnlyForDeploymentPostprocessing = 0;
		};
		D02F3A6D1F97E8AB00E49A46 /* Frameworks */ = {
			isa = PBXFrameworksBuildPhase;
			buildActionMask = 2147483647;
			files = (
			);
			runOnlyForDeploymentPostprocessing = 0;
		};
/* End PBXFrameworksBuildPhase section */

/* Begin PBXGroup section */
		D016A2B81FE4E7CF006D8BDC /* TransportRoundedView */ = {
			isa = PBXGroup;
			children = (
				D016A2B51FE4E7C4006D8BDC /* TransportRoundedView.h */,
				D016A2B61FE4E7C4006D8BDC /* TransportRoundedView.m */,
			);
			name = TransportRoundedView;
			path = "New Group";
			sourceTree = "<group>";
		};
		D02001321FBC0042005712AD /* CircleView */ = {
			isa = PBXGroup;
			children = (
				D02001301FBC0034005712AD /* CircleView.h */,
				D020012F1FBC0033005712AD /* CircleView.m */,
			);
			path = CircleView;
			sourceTree = "<group>";
		};
		D020D20A1FAD044A00256750 /* Subclasses */ = {
			isa = PBXGroup;
			children = (
				D08006E21FEB854B0022D246 /* BlackSFSafariViewController */,
				D089FEF41FAEB31600184BD9 /* BeautifulTableViewCell */,
				D020D20B1FAD044A00256750 /* Buttons */,
				D020D20E1FAD044A00256750 /* RoundedView */,
				D02001321FBC0042005712AD /* CircleView */,
				D020D2111FAD044A00256750 /* PaddedTextField */,
				D016A2B81FE4E7CF006D8BDC /* TransportRoundedView */,
			);
			path = Subclasses;
			sourceTree = "<group>";
		};
		D020D20B1FAD044A00256750 /* Buttons */ = {
			isa = PBXGroup;
			children = (
				D020D20C1FAD044A00256750 /* ImpressionableButton.m */,
				D020D20D1FAD044A00256750 /* ImpressionableButton.h */,
			);
			path = Buttons;
			sourceTree = "<group>";
		};
		D020D20E1FAD044A00256750 /* RoundedView */ = {
			isa = PBXGroup;
			children = (
				D020D20F1FAD044A00256750 /* RoundedView.h */,
				D020D2101FAD044A00256750 /* RoundedView.m */,
			);
			path = RoundedView;
			sourceTree = "<group>";
		};
		D020D2111FAD044A00256750 /* PaddedTextField */ = {
			isa = PBXGroup;
			children = (
				D020D2121FAD044A00256750 /* PaddedTextField.h */,
				D020D2131FAD044A00256750 /* PaddedTextField.m */,
			);
			path = PaddedTextField;
			sourceTree = "<group>";
		};
		D02F3A441F97E8AB00E49A46 = {
			isa = PBXGroup;
			children = (
				D03E434F1FA11E1000E47E5D /* AFNetworking */,
				D03E433A1FA11E0F00E47E5D /* UIKit+AFNetworking */,
				D0712BC91FA7C5EA005F631F /* SAMKeychain */,
				D0712BD01FA806B6005F631F /* HTMLReader */,
				D05B08CE1FBD2B1E00ABFC08 /* Reachability */,
				D02F3A4F1F97E8AB00E49A46 /* MobilePortail */,
				D02F3A681F97E8AB00E49A46 /* MobilePortailTests */,
				D02F3A731F97E8AB00E49A46 /* MobilePortailUITests */,
				D02F3A4E1F97E8AB00E49A46 /* Products */,
				D0712BC61FA7C502005F631F /* Frameworks */,
			);
			sourceTree = "<group>";
		};
		D02F3A4E1F97E8AB00E49A46 /* Products */ = {
			isa = PBXGroup;
			children = (
				D02F3A4D1F97E8AB00E49A46 /* MobilePortail.app */,
				D02F3A651F97E8AB00E49A46 /* MobilePortailTests.xctest */,
				D02F3A701F97E8AB00E49A46 /* MobilePortailUITests.xctest */,
			);
			name = Products;
			sourceTree = "<group>";
		};
		D02F3A4F1F97E8AB00E49A46 /* MobilePortail */ = {
			isa = PBXGroup;
			children = (
				D0712C0B1FA83F42005F631F /* MobilePortail.entitlements */,
				D02F3A501F97E8AB00E49A46 /* AppDelegate.h */,
				D02F3A511F97E8AB00E49A46 /* AppDelegate.m */,
				D03E436C1FA121AD00E47E5D /* MPRequest.h */,
				D03E436D1FA121AD00E47E5D /* MPRequest.m */,
				D0712C0D1FA90961005F631F /* MPStringFromHTML.h */,
				D0712C0E1FA90961005F631F /* MPStringFromHTML.m */,
				D02F3A531F97E8AB00E49A46 /* ViewController.h */,
				D02F3A541F97E8AB00E49A46 /* ViewController.m */,
				D0712BC01FA7C2D7005F631F /* LoginViewController.h */,
				D0712BC11FA7C2D7005F631F /* LoginViewController.m */,
				D0712BC31FA7C3FA005F631F /* MainViewController.h */,
				D0712BC41FA7C3FA005F631F /* MainViewController.m */,
				D067A59F1FB2082F00EDC90E /* ResultsTableViewController.h */,
				D067A5A01FB2082F00EDC90E /* ResultsTableViewController.m */,
				D05B08D21FBD39BF00ABFC08 /* ClassSummaryViewController.h */,
				D05B08D31FBD39BF00ABFC08 /* ClassSummaryViewController.m */,
				D02F3A561F97E8AB00E49A46 /* Main.storyboard */,
				D02F3A591F97E8AB00E49A46 /* Assets.xcassets */,
				D02F3A5B1F97E8AB00E49A46 /* LaunchScreen.storyboard */,
				D02F3A5E1F97E8AB00E49A46 /* Info.plist */,
				D02F3A5F1F97E8AB00E49A46 /* main.m */,
				D020D20A1FAD044A00256750 /* Subclasses */,
				D0712C0C1FA90175005F631F /* Supporting Files */,
			);
			path = MobilePortail;
			sourceTree = "<group>";
		};
		D02F3A681F97E8AB00E49A46 /* MobilePortailTests */ = {
			isa = PBXGroup;
			children = (
				D02F3A691F97E8AB00E49A46 /* MobilePortailTests.m */,
				D02F3A6B1F97E8AB00E49A46 /* Info.plist */,
			);
			path = MobilePortailTests;
			sourceTree = "<group>";
		};
		D02F3A731F97E8AB00E49A46 /* MobilePortailUITests */ = {
			isa = PBXGroup;
			children = (
				D02F3A741F97E8AB00E49A46 /* MobilePortailUITests.m */,
				D02F3A761F97E8AB00E49A46 /* Info.plist */,
			);
			path = MobilePortailUITests;
			sourceTree = "<group>";
		};
		D03E433A1FA11E0F00E47E5D /* UIKit+AFNetworking */ = {
			isa = PBXGroup;
			children = (
				D03E433B1FA11E1000E47E5D /* UIProgressView+AFNetworking.m */,
				D03E433C1FA11E1000E47E5D /* UIButton+AFNetworking.h */,
				D03E433D1FA11E1000E47E5D /* UIRefreshControl+AFNetworking.m */,
				D03E433E1FA11E1000E47E5D /* UIImageView+AFNetworking.h */,
				D03E433F1FA11E1000E47E5D /* AFImageDownloader.h */,
				D03E43401FA11E1000E47E5D /* AFNetworkActivityIndicatorManager.m */,
				D03E43411FA11E1000E47E5D /* AFAutoPurgingImageCache.h */,
				D03E43421FA11E1000E47E5D /* UIWebView+AFNetworking.h */,
				D03E43431FA11E1000E47E5D /* UIActivityIndicatorView+AFNetworking.h */,
				D03E43441FA11E1000E47E5D /* UIImage+AFNetworking.h */,
				D03E43451FA11E1000E47E5D /* UIProgressView+AFNetworking.h */,
				D03E43461FA11E1000E47E5D /* UIImageView+AFNetworking.m */,
				D03E43471FA11E1000E47E5D /* UIKit+AFNetworking.h */,
				D03E43481FA11E1000E47E5D /* UIRefreshControl+AFNetworking.h */,
				D03E43491FA11E1000E47E5D /* UIButton+AFNetworking.m */,
				D03E434A1FA11E1000E47E5D /* UIActivityIndicatorView+AFNetworking.m */,
				D03E434B1FA11E1000E47E5D /* UIWebView+AFNetworking.m */,
				D03E434C1FA11E1000E47E5D /* AFAutoPurgingImageCache.m */,
				D03E434D1FA11E1000E47E5D /* AFNetworkActivityIndicatorManager.h */,
				D03E434E1FA11E1000E47E5D /* AFImageDownloader.m */,
			);
			path = "UIKit+AFNetworking";
			sourceTree = "<group>";
		};
		D03E434F1FA11E1000E47E5D /* AFNetworking */ = {
			isa = PBXGroup;
			children = (
				D03E43501FA11E1000E47E5D /* AFSecurityPolicy.h */,
				D03E43511FA11E1000E47E5D /* AFNetworkReachabilityManager.h */,
				D03E43521FA11E1000E47E5D /* AFURLSessionManager.h */,
				D03E43531FA11E1000E47E5D /* AFURLRequestSerialization.h */,
				D03E43541FA11E1000E47E5D /* AFURLResponseSerialization.m */,
				D03E43551FA11E1000E47E5D /* AFHTTPSessionManager.m */,
				D03E43561FA11E1000E47E5D /* AFURLResponseSerialization.h */,
				D03E43571FA11E1000E47E5D /* AFURLSessionManager.m */,
				D03E43581FA11E1000E47E5D /* AFURLRequestSerialization.m */,
				D03E43591FA11E1000E47E5D /* AFNetworking.h */,
				D03E435A1FA11E1000E47E5D /* AFNetworkReachabilityManager.m */,
				D03E435B1FA11E1000E47E5D /* AFSecurityPolicy.m */,
				D03E435C1FA11E1000E47E5D /* AFHTTPSessionManager.h */,
			);
			name = AFNetworking;
			path = "../../../../../../Assets/External App Components/AFNetworking/AFNetworking";
			sourceTree = "<group>";
		};
		D05B08CE1FBD2B1E00ABFC08 /* Reachability */ = {
			isa = PBXGroup;
			children = (
				D05B08D01FBD2B1E00ABFC08 /* Reachability.h */,
				D05B08CF1FBD2B1E00ABFC08 /* Reachability.m */,
			);
			path = Reachability;
			sourceTree = "<group>";
		};
		D0712BC61FA7C502005F631F /* Frameworks */ = {
			isa = PBXGroup;
			children = (
				D05B08D51FBD449B00ABFC08 /* PDFKit.framework */,
				D0712BC71FA7C502005F631F /* Security.framework */,
			);
			name = Frameworks;
			sourceTree = "<group>";
		};
		D0712BC91FA7C5EA005F631F /* SAMKeychain */ = {
			isa = PBXGroup;
			children = (
				D0712BCA1FA7C5EA005F631F /* SAMKeychainQuery.m */,
				D0712BCB1FA7C5EA005F631F /* SAMKeychain.h */,
				D0712BCD1FA7C5EA005F631F /* SAMKeychain.m */,
				D0712BCC1FA7C5EA005F631F /* SAMKeychainQuery.h */,
			);
			path = SAMKeychain;
			sourceTree = "<group>";
		};
		D0712BD01FA806B6005F631F /* HTMLReader */ = {
			isa = PBXGroup;
			children = (
				D0712BD11FA806B6005F631F /* HTMLParser.m */,
				D0712BD21FA806B6005F631F /* HTMLTextNode.m */,
				D0712BD31FA806B6005F631F /* HTMLEntities.m */,
				D0712BD41FA806B6005F631F /* include */,
				D0712BEC1FA806B6005F631F /* HTMLTokenizer.m */,
				D0712BED1FA806B6005F631F /* HTMLComment.m */,
				D0712BEE1FA806B6005F631F /* HTMLTreeEnumerator.m */,
				D0712BEF1FA806B6005F631F /* HTMLDocumentType.m */,
				D0712BF01FA806B6005F631F /* HTMLDocument.m */,
				D0712BF11FA806B6005F631F /* HTMLSerialization.m */,
				D0712BF21FA806B6005F631F /* NSString+HTMLEntities.m */,
				D0712BF31FA806B6005F631F /* HTMLEncoding.m */,
				D0712BF41FA806B6005F631F /* HTMLElement.m */,
				D0712BF51FA806B6005F631F /* HTMLString.m */,
				D0712BF61FA806B6005F631F /* HTMLSelector.m */,
				D0712BF71FA806B6005F631F /* HTMLPreprocessedInputStream.m */,
				D0712BF81FA806B6005F631F /* HTMLOrderedDictionary.m */,
				D0712BF91FA806B6005F631F /* HTMLNode.m */,
			);
			path = HTMLReader;
			sourceTree = "<group>";
		};
		D0712BD41FA806B6005F631F /* include */ = {
			isa = PBXGroup;
			children = (
				D0712BD51FA806B6005F631F /* NSString+HTMLEntities.h */,
				D0712BD61FA806B6005F631F /* HTMLSerialization.h */,
				D0712BD71FA806B6005F631F /* HTMLString.h */,
				D0712BD81FA806B6005F631F /* HTMLQuirksMode.h */,
				D0712BD91FA806B6005F631F /* HTMLElement.h */,
				D0712BDA1FA806B6005F631F /* HTMLEncoding.h */,
				D0712BDB1FA806B6005F631F /* HTMLTokenizerState.h */,
				D0712BDC1FA806B6005F631F /* HTMLSupport.h */,
				D0712BDD1FA806B6005F631F /* HTMLOrderedDictionary.h */,
				D0712BDE1FA806B6005F631F /* HTMLPreprocessedInputStream.h */,
				D0712BDF1FA806B6005F631F /* HTMLSelector.h */,
				D0712BE01FA806B6005F631F /* HTMLNode.h */,
				D0712BE11FA806B6005F631F /* HTMLParser.h */,
				D0712BE21FA806B6005F631F /* HTMLTextNode.h */,
				D0712BE31FA806B6005F631F /* HTMLReader.h */,
				D0712BE41FA806B6005F631F /* HTMLTokenizer.h */,
				D0712BE51FA806B6005F631F /* HTMLNamespace.h */,
				D0712BE61FA806B6005F631F /* HTMLEntities.h */,
				D0712BE71FA806B6005F631F /* HTMLDocument.h */,
				D0712BE81FA806B6005F631F /* HTMLDocumentType.h */,
				D0712BE91FA806B6005F631F /* HTMLDocument+Private.h */,
				D0712BEA1FA806B6005F631F /* HTMLTreeEnumerator.h */,
				D0712BEB1FA806B6005F631F /* HTMLComment.h */,
			);
			path = include;
			sourceTree = "<group>";
		};
		D0712C0C1FA90175005F631F /* Supporting Files */ = {
			isa = PBXGroup;
			children = (
				D0A9F47A1FC4F1A800A44B5D /* templogo.png */,
				D089FEF81FAEBE7D00184BD9 /* cscmonavenir_logo.png */,
			);
			path = "Supporting Files";
			sourceTree = "<group>";
		};
		D08006E21FEB854B0022D246 /* BlackSFSafariViewController */ = {
			isa = PBXGroup;
			children = (
				D08006DF1FEB85430022D246 /* BlackSFSafariViewController.h */,
				D08006E01FEB85430022D246 /* BlackSFSafariViewController.m */,
			);
			name = BlackSFSafariViewController;
			path = "New Group1";
			sourceTree = "<group>";
		};
		D089FEF41FAEB31600184BD9 /* BeautifulTableViewCell */ = {
			isa = PBXGroup;
			children = (
				D089FEF51FAEB32A00184BD9 /* BeautifulTableViewCell.h */,
				D089FEF61FAEB32A00184BD9 /* BeautifulTableViewCell.m */,
			);
			path = BeautifulTableViewCell;
			sourceTree = "<group>";
		};
/* End PBXGroup section */

/* Begin PBXNativeTarget section */
		D02F3A4C1F97E8AB00E49A46 /* MobilePortail */ = {
			isa = PBXNativeTarget;
			buildConfigurationList = D02F3A791F97E8AB00E49A46 /* Build configuration list for PBXNativeTarget "MobilePortail" */;
			buildPhases = (
				D02F3A491F97E8AB00E49A46 /* Sources */,
				D02F3A4A1F97E8AB00E49A46 /* Frameworks */,
				D02F3A4B1F97E8AB00E49A46 /* Resources */,
			);
			buildRules = (
			);
			dependencies = (
			);
			name = MobilePortail;
			productName = MobilePortail;
			productReference = D02F3A4D1F97E8AB00E49A46 /* MobilePortail.app */;
			productType = "com.apple.product-type.application";
		};
		D02F3A641F97E8AB00E49A46 /* MobilePortailTests */ = {
			isa = PBXNativeTarget;
			buildConfigurationList = D02F3A7C1F97E8AB00E49A46 /* Build configuration list for PBXNativeTarget "MobilePortailTests" */;
			buildPhases = (
				D02F3A611F97E8AB00E49A46 /* Sources */,
				D02F3A621F97E8AB00E49A46 /* Frameworks */,
				D02F3A631F97E8AB00E49A46 /* Resources */,
			);
			buildRules = (
			);
			dependencies = (
				D02F3A671F97E8AB00E49A46 /* PBXTargetDependency */,
			);
			name = MobilePortailTests;
			productName = MobilePortailTests;
			productReference = D02F3A651F97E8AB00E49A46 /* MobilePortailTests.xctest */;
			productType = "com.apple.product-type.bundle.unit-test";
		};
		D02F3A6F1F97E8AB00E49A46 /* MobilePortailUITests */ = {
			isa = PBXNativeTarget;
			buildConfigurationList = D02F3A7F1F97E8AB00E49A46 /* Build configuration list for PBXNativeTarget "MobilePortailUITests" */;
			buildPhases = (
				D02F3A6C1F97E8AB00E49A46 /* Sources */,
				D02F3A6D1F97E8AB00E49A46 /* Frameworks */,
				D02F3A6E1F97E8AB00E49A46 /* Resources */,
			);
			buildRules = (
			);
			dependencies = (
				D02F3A721F97E8AB00E49A46 /* PBXTargetDependency */,
			);
			name = MobilePortailUITests;
			productName = MobilePortailUITests;
			productReference = D02F3A701F97E8AB00E49A46 /* MobilePortailUITests.xctest */;
			productType = "com.apple.product-type.bundle.ui-testing";
		};
/* End PBXNativeTarget section */

/* Begin PBXProject section */
		D02F3A451F97E8AB00E49A46 /* Project object */ = {
			isa = PBXProject;
			attributes = {
				LastUpgradeCheck = 0900;
				ORGANIZATIONNAME = "Bricc Squad";
				TargetAttributes = {
					D02F3A4C1F97E8AB00E49A46 = {
						CreatedOnToolsVersion = 9.0;
						ProvisioningStyle = Automatic;
						SystemCapabilities = {
							com.apple.SafariKeychain = {
								enabled = 1;
							};
						};
					};
					D02F3A641F97E8AB00E49A46 = {
						CreatedOnToolsVersion = 9.0;
						ProvisioningStyle = Automatic;
						TestTargetID = D02F3A4C1F97E8AB00E49A46;
					};
					D02F3A6F1F97E8AB00E49A46 = {
						CreatedOnToolsVersion = 9.0;
						ProvisioningStyle = Automatic;
						TestTargetID = D02F3A4C1F97E8AB00E49A46;
					};
				};
			};
			buildConfigurationList = D02F3A481F97E8AB00E49A46 /* Build configuration list for PBXProject "MobilePortail" */;
			compatibilityVersion = "Xcode 8.0";
			developmentRegion = en;
			hasScannedForEncodings = 0;
			knownRegions = (
				en,
				Base,
			);
			mainGroup = D02F3A441F97E8AB00E49A46;
			productRefGroup = D02F3A4E1F97E8AB00E49A46 /* Products */;
			projectDirPath = "";
			projectRoot = "";
			targets = (
				D02F3A4C1F97E8AB00E49A46 /* MobilePortail */,
				D02F3A641F97E8AB00E49A46 /* MobilePortailTests */,
				D02F3A6F1F97E8AB00E49A46 /* MobilePortailUITests */,
			);
		};
/* End PBXProject section */

/* Begin PBXResourcesBuildPhase section */
		D02F3A4B1F97E8AB00E49A46 /* Resources */ = {
			isa = PBXResourcesBuildPhase;
			buildActionMask = 2147483647;
			files = (
				D089FEF91FAEBE7D00184BD9 /* cscmonavenir_logo.png in Resources */,
				D02F3A5D1F97E8AB00E49A46 /* LaunchScreen.storyboard in Resources */,
				D02F3A5A1F97E8AB00E49A46 /* Assets.xcassets in Resources */,
				D02F3A581F97E8AB00E49A46 /* Main.storyboard in Resources */,
				D0A9F47B1FC4F1A800A44B5D /* templogo.png in Resources */,
			);
			runOnlyForDeploymentPostprocessing = 0;
		};
		D02F3A631F97E8AB00E49A46 /* Resources */ = {
			isa = PBXResourcesBuildPhase;
			buildActionMask = 2147483647;
			files = (
			);
			runOnlyForDeploymentPostprocessing = 0;
		};
		D02F3A6E1F97E8AB00E49A46 /* Resources */ = {
			isa = PBXResourcesBuildPhase;
			buildActionMask = 2147483647;
			files = (
			);
			runOnlyForDeploymentPostprocessing = 0;
		};
/* End PBXResourcesBuildPhase section */

/* Begin PBXSourcesBuildPhase section */
		D02F3A491F97E8AB00E49A46 /* Sources */ = {
			isa = PBXSourcesBuildPhase;
			buildActionMask = 2147483647;
			files = (
				D0712C0A1FA806B6005F631F /* HTMLNode.m in Sources */,
				D0712C0F1FA90961005F631F /* MPStringFromHTML.m in Sources */,
				D03E43681FA11E1000E47E5D /* AFURLSessionManager.m in Sources */,
				D0712C021FA806B6005F631F /* HTMLSerialization.m in Sources */,
				D0712BFA1FA806B6005F631F /* HTMLParser.m in Sources */,
				D0712C061FA806B6005F631F /* HTMLString.m in Sources */,
				D0712C041FA806B6005F631F /* HTMLEncoding.m in Sources */,
				D0712BFB1FA806B6005F631F /* HTMLTextNode.m in Sources */,
				D067A5A11FB2083000EDC90E /* ResultsTableViewController.m in Sources */,
				D03E435D1FA11E1000E47E5D /* UIProgressView+AFNetworking.m in Sources */,
				D05B08D11FBD2B1E00ABFC08 /* Reachability.m in Sources */,
				D0712C011FA806B6005F631F /* HTMLDocument.m in Sources */,
				D02F3A551F97E8AB00E49A46 /* ViewController.m in Sources */,
				D0712C071FA806B6005F631F /* HTMLSelector.m in Sources */,
				D0712BFC1FA806B6005F631F /* HTMLEntities.m in Sources */,
				D03E43631FA11E1000E47E5D /* UIWebView+AFNetworking.m in Sources */,
				D05B08D41FBD39BF00ABFC08 /* ClassSummaryViewController.m in Sources */,
				D0712BFD1FA806B6005F631F /* HTMLTokenizer.m in Sources */,
				D0712BC51FA7C3FA005F631F /* MainViewController.m in Sources */,
				D089FEF71FAEB32A00184BD9 /* BeautifulTableViewCell.m in Sources */,
				D0712BC21FA7C2D7005F631F /* LoginViewController.m in Sources */,
				D08006E11FEB85430022D246 /* BlackSFSafariViewController.m in Sources */,
				D02001311FBC0034005712AD /* CircleView.m in Sources */,
				D03E435F1FA11E1000E47E5D /* AFNetworkActivityIndicatorManager.m in Sources */,
				D0712C031FA806B6005F631F /* NSString+HTMLEntities.m in Sources */,
				D03E435E1FA11E1000E47E5D /* UIRefreshControl+AFNetworking.m in Sources */,
				D03E43671FA11E1000E47E5D /* AFHTTPSessionManager.m in Sources */,
				D0712C051FA806B6005F631F /* HTMLElement.m in Sources */,
				D03E43691FA11E1000E47E5D /* AFURLRequestSerialization.m in Sources */,
				D03E43661FA11E1000E47E5D /* AFURLResponseSerialization.m in Sources */,
				D02F3A601F97E8AB00E49A46 /* main.m in Sources */,
				D0712BFE1FA806B6005F631F /* HTMLComment.m in Sources */,
				D0712BCE1FA7C5EA005F631F /* SAMKeychainQuery.m in Sources */,
				D03E436B1FA11E1000E47E5D /* AFSecurityPolicy.m in Sources */,
				D0712C081FA806B6005F631F /* HTMLPreprocessedInputStream.m in Sources */,
				D03E43601FA11E1000E47E5D /* UIImageView+AFNetworking.m in Sources */,
				D020D2151FAD044A00256750 /* RoundedView.m in Sources */,
				D020D2161FAD044A00256750 /* PaddedTextField.m in Sources */,
				D0712BCF1FA7C5EA005F631F /* SAMKeychain.m in Sources */,
				D03E436A1FA11E1000E47E5D /* AFNetworkReachabilityManager.m in Sources */,
				D03E43621FA11E1000E47E5D /* UIActivityIndicatorView+AFNetworking.m in Sources */,
				D0712BFF1FA806B6005F631F /* HTMLTreeEnumerator.m in Sources */,
				D020D2141FAD044A00256750 /* ImpressionableButton.m in Sources */,
				D03E436E1FA121AD00E47E5D /* MPRequest.m in Sources */,
				D0712C091FA806B6005F631F /* HTMLOrderedDictionary.m in Sources */,
				D016A2B71FE4E7C4006D8BDC /* TransportRoundedView.m in Sources */,
				D0712C001FA806B6005F631F /* HTMLDocumentType.m in Sources */,
				D03E43611FA11E1000E47E5D /* UIButton+AFNetworking.m in Sources */,
				D02F3A521F97E8AB00E49A46 /* AppDelegate.m in Sources */,
				D03E43641FA11E1000E47E5D /* AFAutoPurgingImageCache.m in Sources */,
				D03E43651FA11E1000E47E5D /* AFImageDownloader.m in Sources */,
			);
			runOnlyForDeploymentPostprocessing = 0;
		};
		D02F3A611F97E8AB00E49A46 /* Sources */ = {
			isa = PBXSourcesBuildPhase;
			buildActionMask = 2147483647;
			files = (
				D02F3A6A1F97E8AB00E49A46 /* MobilePortailTests.m in Sources */,
			);
			runOnlyForDeploymentPostprocessing = 0;
		};
		D02F3A6C1F97E8AB00E49A46 /* Sources */ = {
			isa = PBXSourcesBuildPhase;
			buildActionMask = 2147483647;
			files = (
				D02F3A751F97E8AB00E49A46 /* MobilePortailUITests.m in Sources */,
			);
			runOnlyForDeploymentPostprocessing = 0;
		};
/* End PBXSourcesBuildPhase section */

/* Begin PBXTargetDependency section */
		D02F3A671F97E8AB00E49A46 /* PBXTargetDependency */ = {
			isa = PBXTargetDependency;
			target = D02F3A4C1F97E8AB00E49A46 /* MobilePortail */;
			targetProxy = D02F3A661F97E8AB00E49A46 /* PBXContainerItemProxy */;
		};
		D02F3A721F97E8AB00E49A46 /* PBXTargetDependency */ = {
			isa = PBXTargetDependency;
			target = D02F3A4C1F97E8AB00E49A46 /* MobilePortail */;
			targetProxy = D02F3A711F97E8AB00E49A46 /* PBXContainerItemProxy */;
		};
/* End PBXTargetDependency section */

/* Begin PBXVariantGroup section */
		D02F3A561F97E8AB00E49A46 /* Main.storyboard */ = {
			isa = PBXVariantGroup;
			children = (
				D02F3A571F97E8AB00E49A46 /* Base */,
			);
			name = Main.storyboard;
			sourceTree = "<group>";
		};
		D02F3A5B1F97E8AB00E49A46 /* LaunchScreen.storyboard */ = {
			isa = PBXVariantGroup;
			children = (
				D02F3A5C1F97E8AB00E49A46 /* Base */,
			);
			name = LaunchScreen.storyboard;
			sourceTree = "<group>";
		};
/* End PBXVariantGroup section */

/* Begin XCBuildConfiguration section */
		D02F3A771F97E8AB00E49A46 /* Debug */ = {
			isa = XCBuildConfiguration;
			buildSettings = {
				ALWAYS_SEARCH_USER_PATHS = NO;
				CLANG_ANALYZER_NONNULL = YES;
				CLANG_ANALYZER_NUMBER_OBJECT_CONVERSION = YES_AGGRESSIVE;
				CLANG_CXX_LANGUAGE_STANDARD = "gnu++14";
				CLANG_CXX_LIBRARY = "libc++";
				CLANG_ENABLE_MODULES = YES;
				CLANG_ENABLE_OBJC_ARC = YES;
				CLANG_WARN_BLOCK_CAPTURE_AUTORELEASING = YES;
				CLANG_WARN_BOOL_CONVERSION = YES;
				CLANG_WARN_COMMA = YES;
				CLANG_WARN_CONSTANT_CONVERSION = YES;
				CLANG_WARN_DIRECT_OBJC_ISA_USAGE = YES_ERROR;
				CLANG_WARN_DOCUMENTATION_COMMENTS = YES;
				CLANG_WARN_EMPTY_BODY = YES;
				CLANG_WARN_ENUM_CONVERSION = YES;
				CLANG_WARN_INFINITE_RECURSION = YES;
				CLANG_WARN_INT_CONVERSION = YES;
				CLANG_WARN_NON_LITERAL_NULL_CONVERSION = YES;
				CLANG_WARN_OBJC_LITERAL_CONVERSION = YES;
				CLANG_WARN_OBJC_ROOT_CLASS = YES_ERROR;
				CLANG_WARN_RANGE_LOOP_ANALYSIS = YES;
				CLANG_WARN_STRICT_PROTOTYPES = YES;
				CLANG_WARN_SUSPICIOUS_MOVE = YES;
				CLANG_WARN_UNGUARDED_AVAILABILITY = YES_AGGRESSIVE;
				CLANG_WARN_UNREACHABLE_CODE = YES;
				CLANG_WARN__DUPLICATE_METHOD_MATCH = YES;
				CODE_SIGN_IDENTITY = "iPhone Developer";
				COPY_PHASE_STRIP = NO;
				DEBUG_INFORMATION_FORMAT = dwarf;
				ENABLE_STRICT_OBJC_MSGSEND = YES;
				ENABLE_TESTABILITY = YES;
				GCC_C_LANGUAGE_STANDARD = gnu11;
				GCC_DYNAMIC_NO_PIC = NO;
				GCC_NO_COMMON_BLOCKS = YES;
				GCC_OPTIMIZATION_LEVEL = 0;
				GCC_PREPROCESSOR_DEFINITIONS = (
					"DEBUG=1",
					"$(inherited)",
				);
				GCC_WARN_64_TO_32_BIT_CONVERSION = YES;
				GCC_WARN_ABOUT_RETURN_TYPE = YES_ERROR;
				GCC_WARN_UNDECLARED_SELECTOR = YES;
				GCC_WARN_UNINITIALIZED_AUTOS = YES_AGGRESSIVE;
				GCC_WARN_UNUSED_FUNCTION = YES;
				GCC_WARN_UNUSED_VARIABLE = YES;
				IPHONEOS_DEPLOYMENT_TARGET = 11.0;
				MTL_ENABLE_DEBUG_INFO = YES;
				ONLY_ACTIVE_ARCH = YES;
				SDKROOT = iphoneos;
			};
			name = Debug;
		};
		D02F3A781F97E8AB00E49A46 /* Release */ = {
			isa = XCBuildConfiguration;
			buildSettings = {
				ALWAYS_SEARCH_USER_PATHS = NO;
				CLANG_ANALYZER_NONNULL = YES;
				CLANG_ANALYZER_NUMBER_OBJECT_CONVERSION = YES_AGGRESSIVE;
				CLANG_CXX_LANGUAGE_STANDARD = "gnu++14";
				CLANG_CXX_LIBRARY = "libc++";
				CLANG_ENABLE_MODULES = YES;
				CLANG_ENABLE_OBJC_ARC = YES;
				CLANG_WARN_BLOCK_CAPTURE_AUTORELEASING = YES;
				CLANG_WARN_BOOL_CONVERSION = YES;
				CLANG_WARN_COMMA = YES;
				CLANG_WARN_CONSTANT_CONVERSION = YES;
				CLANG_WARN_DIRECT_OBJC_ISA_USAGE = YES_ERROR;
				CLANG_WARN_DOCUMENTATION_COMMENTS = YES;
				CLANG_WARN_EMPTY_BODY = YES;
				CLANG_WARN_ENUM_CONVERSION = YES;
				CLANG_WARN_INFINITE_RECURSION = YES;
				CLANG_WARN_INT_CONVERSION = YES;
				CLANG_WARN_NON_LITERAL_NULL_CONVERSION = YES;
				CLANG_WARN_OBJC_LITERAL_CONVERSION = YES;
				CLANG_WARN_OBJC_ROOT_CLASS = YES_ERROR;
				CLANG_WARN_RANGE_LOOP_ANALYSIS = YES;
				CLANG_WARN_STRICT_PROTOTYPES = YES;
				CLANG_WARN_SUSPICIOUS_MOVE = YES;
				CLANG_WARN_UNGUARDED_AVAILABILITY = YES_AGGRESSIVE;
				CLANG_WARN_UNREACHABLE_CODE = YES;
				CLANG_WARN__DUPLICATE_METHOD_MATCH = YES;
				CODE_SIGN_IDENTITY = "iPhone Developer";
				COPY_PHASE_STRIP = NO;
				DEBUG_INFORMATION_FORMAT = "dwarf-with-dsym";
				ENABLE_NS_ASSERTIONS = NO;
				ENABLE_STRICT_OBJC_MSGSEND = YES;
				GCC_C_LANGUAGE_STANDARD = gnu11;
				GCC_NO_COMMON_BLOCKS = YES;
				GCC_WARN_64_TO_32_BIT_CONVERSION = YES;
				GCC_WARN_ABOUT_RETURN_TYPE = YES_ERROR;
				GCC_WARN_UNDECLARED_SELECTOR = YES;
				GCC_WARN_UNINITIALIZED_AUTOS = YES_AGGRESSIVE;
				GCC_WARN_UNUSED_FUNCTION = YES;
				GCC_WARN_UNUSED_VARIABLE = YES;
				IPHONEOS_DEPLOYMENT_TARGET = 11.0;
				MTL_ENABLE_DEBUG_INFO = NO;
				SDKROOT = iphoneos;
				VALIDATE_PRODUCT = YES;
			};
			name = Release;
		};
		D02F3A7A1F97E8AB00E49A46 /* Debug */ = {
			isa = XCBuildConfiguration;
			buildSettings = {
				ASSETCATALOG_COMPILER_APPICON_NAME = AppIcon;
				CODE_SIGN_ENTITLEMENTS = MobilePortail/MobilePortail.entitlements;
				CODE_SIGN_STYLE = Automatic;
				DEVELOPMENT_TEAM = 5RL29674RT;
				INFOPLIST_FILE = MobilePortail/Info.plist;
				IPHONEOS_DEPLOYMENT_TARGET = 9.1;
				LD_RUNPATH_SEARCH_PATHS = "$(inherited) @executable_path/Frameworks";
				PRODUCT_BUNDLE_IDENTIFIER = com.briccsquad.MobilePortail;
				PRODUCT_NAME = "$(TARGET_NAME)";
				TARGETED_DEVICE_FAMILY = "1,2";
			};
			name = Debug;
		};
		D02F3A7B1F97E8AB00E49A46 /* Release */ = {
			isa = XCBuildConfiguration;
			buildSettings = {
				ASSETCATALOG_COMPILER_APPICON_NAME = AppIcon;
				CODE_SIGN_ENTITLEMENTS = MobilePortail/MobilePortail.entitlements;
				CODE_SIGN_STYLE = Automatic;
				DEVELOPMENT_TEAM = 5RL29674RT;
				INFOPLIST_FILE = MobilePortail/Info.plist;
				IPHONEOS_DEPLOYMENT_TARGET = 9.1;
				LD_RUNPATH_SEARCH_PATHS = "$(inherited) @executable_path/Frameworks";
				PRODUCT_BUNDLE_IDENTIFIER = com.briccsquad.MobilePortail;
				PRODUCT_NAME = "$(TARGET_NAME)";
				TARGETED_DEVICE_FAMILY = "1,2";
			};
			name = Release;
		};
		D02F3A7D1F97E8AB00E49A46 /* Debug */ = {
			isa = XCBuildConfiguration;
			buildSettings = {
				BUNDLE_LOADER = "$(TEST_HOST)";
				CODE_SIGN_STYLE = Automatic;
				DEVELOPMENT_TEAM = 5RL29674RT;
				INFOPLIST_FILE = MobilePortailTests/Info.plist;
				LD_RUNPATH_SEARCH_PATHS = "$(inherited) @executable_path/Frameworks @loader_path/Frameworks";
				PRODUCT_BUNDLE_IDENTIFIER = com.briccsquad.MobilePortailTests;
				PRODUCT_NAME = "$(TARGET_NAME)";
				TARGETED_DEVICE_FAMILY = "1,2";
				TEST_HOST = "$(BUILT_PRODUCTS_DIR)/MobilePortail.app/MobilePortail";
			};
			name = Debug;
		};
		D02F3A7E1F97E8AB00E49A46 /* Release */ = {
			isa = XCBuildConfiguration;
			buildSettings = {
				BUNDLE_LOADER = "$(TEST_HOST)";
				CODE_SIGN_STYLE = Automatic;
				DEVELOPMENT_TEAM = 5RL29674RT;
				INFOPLIST_FILE = MobilePortailTests/Info.plist;
				LD_RUNPATH_SEARCH_PATHS = "$(inherited) @executable_path/Frameworks @loader_path/Frameworks";
				PRODUCT_BUNDLE_IDENTIFIER = com.briccsquad.MobilePortailTests;
				PRODUCT_NAME = "$(TARGET_NAME)";
				TARGETED_DEVICE_FAMILY = "1,2";
				TEST_HOST = "$(BUILT_PRODUCTS_DIR)/MobilePortail.app/MobilePortail";
			};
			name = Release;
		};
		D02F3A801F97E8AB00E49A46 /* Debug */ = {
			isa = XCBuildConfiguration;
			buildSettings = {
				CODE_SIGN_STYLE = Automatic;
				DEVELOPMENT_TEAM = 5RL29674RT;
				INFOPLIST_FILE = MobilePortailUITests/Info.plist;
				LD_RUNPATH_SEARCH_PATHS = "$(inherited) @executable_path/Frameworks @loader_path/Frameworks";
				PRODUCT_BUNDLE_IDENTIFIER = com.briccsquad.MobilePortailUITests;
				PRODUCT_NAME = "$(TARGET_NAME)";
				TARGETED_DEVICE_FAMILY = "1,2";
				TEST_TARGET_NAME = MobilePortail;
			};
			name = Debug;
		};
		D02F3A811F97E8AB00E49A46 /* Release */ = {
			isa = XCBuildConfiguration;
			buildSettings = {
				CODE_SIGN_STYLE = Automatic;
				DEVELOPMENT_TEAM = 5RL29674RT;
				INFOPLIST_FILE = MobilePortailUITests/Info.plist;
				LD_RUNPATH_SEARCH_PATHS = "$(inherited) @executable_path/Frameworks @loader_path/Frameworks";
				PRODUCT_BUNDLE_IDENTIFIER = com.briccsquad.MobilePortailUITests;
				PRODUCT_NAME = "$(TARGET_NAME)";
				TARGETED_DEVICE_FAMILY = "1,2";
				TEST_TARGET_NAME = MobilePortail;
			};
			name = Release;
		};
/* End XCBuildConfiguration section */

/* Begin XCConfigurationList section */
		D02F3A481F97E8AB00E49A46 /* Build configuration list for PBXProject "MobilePortail" */ = {
			isa = XCConfigurationList;
			buildConfigurations = (
				D02F3A771F97E8AB00E49A46 /* Debug */,
				D02F3A781F97E8AB00E49A46 /* Release */,
			);
			defaultConfigurationIsVisible = 0;
			defaultConfigurationName = Release;
		};
		D02F3A791F97E8AB00E49A46 /* Build configuration list for PBXNativeTarget "MobilePortail" */ = {
			isa = XCConfigurationList;
			buildConfigurations = (
				D02F3A7A1F97E8AB00E49A46 /* Debug */,
				D02F3A7B1F97E8AB00E49A46 /* Release */,
			);
			defaultConfigurationIsVisible = 0;
			defaultConfigurationName = Release;
		};
		D02F3A7C1F97E8AB00E49A46 /* Build configuration list for PBXNativeTarget "MobilePortailTests" */ = {
			isa = XCConfigurationList;
			buildConfigurations = (
				D02F3A7D1F97E8AB00E49A46 /* Debug */,
				D02F3A7E1F97E8AB00E49A46 /* Release */,
			);
			defaultConfigurationIsVisible = 0;
			defaultConfigurationName = Release;
		};
		D02F3A7F1F97E8AB00E49A46 /* Build configuration list for PBXNativeTarget "MobilePortailUITests" */ = {
			isa = XCConfigurationList;
			buildConfigurations = (
				D02F3A801F97E8AB00E49A46 /* Debug */,
				D02F3A811F97E8AB00E49A46 /* Release */,
			);
			defaultConfigurationIsVisible = 0;
			defaultConfigurationName = Release;
		};
/* End XCConfigurationList section */
	};
	rootObject = D02F3A451F97E8AB00E49A46 /* Project object */;
}
